
Microsoft Visual Studio Solution File, Format Version 12.00
# Visual Studio 15
Project("{FAE04EC0-301F-11D3-BF4B-00C04F79EFBC}") = "Assembly-CSharp", "Assembly-CSharp.csproj", "{3FDDAB0D-AE9D-25B2-ED9F-A92C245DD8E6}"
EndProject
Global
	GlobalSection(SolutionConfigurationPlatforms) = preSolution
		Debug|Any CPU = Debug|Any CPU
		Release|Any CPU = Release|Any CPU
	EndGlobalSection
	GlobalSection(ProjectConfigurationPlatforms) = postSolution
		{3FDDAB0D-AE9D-25B2-ED9F-A92C245DD8E6}.Debug|Any CPU.ActiveCfg = Debug|Any CPU
		{3FDDAB0D-AE9D-25B2-ED9F-A92C245DD8E6}.Debug|Any CPU.Build.0 = Debug|Any CPU
		{3FDDAB0D-AE9D-25B2-ED9F-A92C245DD8E6}.Release|Any CPU.ActiveCfg = Release|Any CPU
		{3FDDAB0D-AE9D-25B2-ED9F-A92C245DD8E6}.Release|Any CPU.Build.0 = Release|Any CPU
	EndGlobalSection
	GlobalSection(SolutionProperties) = preSolution
		HideSolutionNode = FALSE
	EndGlobalSection
EndGlobal
